// !$*UTF8*$!
{
	archiveVersion = 1;
	classes = {
	};
	objectVersion = 55;
	objects = {

/* Begin PBXBuildFile section */
		278D7CDB27043C9A00C120AA /* AppDelegate.swift in Sources */ = {isa = PBXBuildFile; fileRef = 278D7CDA27043C9A00C120AA /* AppDelegate.swift */; };
		278D7CDD27043C9A00C120AA /* SceneDelegate.swift in Sources */ = {isa = PBXBuildFile; fileRef = 278D7CDC27043C9A00C120AA /* SceneDelegate.swift */; };
		278D7CDF27043C9A00C120AA /* ViewController.swift in Sources */ = {isa = PBXBuildFile; fileRef = 278D7CDE27043C9A00C120AA /* ViewController.swift */; };
		278D7CE227043C9A00C120AA /* Main.storyboard in Resources */ = {isa = PBXBuildFile; fileRef = 278D7CE027043C9A00C120AA /* Main.storyboard */; };
		278D7CE427043C9E00C120AA /* Assets.xcassets in Resources */ = {isa = PBXBuildFile; fileRef = 278D7CE327043C9E00C120AA /* Assets.xcassets */; };
		278D7CE727043C9E00C120AA /* LaunchScreen.storyboard in Resources */ = {isa = PBXBuildFile; fileRef = 278D7CE527043C9E00C120AA /* LaunchScreen.storyboard */; };
		A3877ED67C42505E9B8B0A30 /* Pods_LogViewDemo.framework in Frameworks */ = {isa = PBXBuildFile; fileRef = 6A5B72C4A195A5F07B2802D3 /* Pods_LogViewDemo.framework */; };
/* End PBXBuildFile section */

/* Begin PBXFileReference section */
		278D7CD727043C9A00C120AA /* LogViewDemo.app */ = {isa = PBXFileReference; explicitFileType = wrapper.application; includeInIndex = 0; path = LogViewDemo.app; sourceTree = BUILT_PRODUCTS_DIR; };
		278D7CDA27043C9A00C120AA /* AppDelegate.swift */ = {isa = PBXFileReference; lastKnownFileType = sourcecode.swift; path = AppDelegate.swift; sourceTree = "<group>"; };
		278D7CDC27043C9A00C120AA /* SceneDelegate.swift */ = {isa = PBXFileReference; lastKnownFileType = sourcecode.swift; path = SceneDelegate.swift; sourceTree = "<group>"; };
		278D7CDE27043C9A00C120AA /* ViewController.swift */ = {isa = PBXFileReference; lastKnownFileType = sourcecode.swift; path = ViewController.swift; sourceTree = "<group>"; };
		278D7CE127043C9A00C120AA /* Base */ = {isa = PBXFileReference; lastKnownFileType = file.storyboard; name = Base; path = Base.lproj/Main.storyboard; sourceTree = "<group>"; };
		278D7CE327043C9E00C120AA /* Assets.xcassets */ = {isa = PBXFileReference; lastKnownFileType = folder.assetcatalog; path = Assets.xcassets; sourceTree = "<group>"; };
		278D7CE627043C9E00C120AA /* Base */ = {isa = PBXFileReference; lastKnownFileType = file.storyboard; name = Base; path = Base.lproj/LaunchScreen.storyboard; sourceTree = "<group>"; };
		278D7CE827043C9E00C120AA /* Info.plist */ = {isa = PBXFileReference; lastKnownFileType = text.plist.xml; path = Info.plist; sourceTree = "<group>"; };
		6A5B72C4A195A5F07B2802D3 /* Pods_LogViewDemo.framework */ = {isa = PBXFileReference; explicitFileType = wrapper.framework; includeInIndex = 0; path = Pods_LogViewDemo.framework; sourceTree = BUILT_PRODUCTS_DIR; };
		C65E1D085FDB578F0E85A796 /* Pods-LogViewDemo.release.xcconfig */ = {isa = PBXFileReference; includeInIndex = 1; lastKnownFileType = text.xcconfig; name = "Pods-LogViewDemo.release.xcconfig"; path = "Target Support Files/Pods-LogViewDemo/Pods-LogViewDemo.release.xcconfig"; sourceTree = "<group>"; };
		E61B66469F2AF016AB96C3F0 /* Pods-LogViewDemo.debug.xcconfig */ = {isa = PBXFileReference; includeInIndex = 1; lastKnownFileType = text.xcconfig; name = "Pods-LogViewDemo.debug.xcconfig"; path = "Target Support Files/Pods-LogViewDemo/Pods-LogViewDemo.debug.xcconfig"; sourceTree = "<group>"; };
/* End PBXFileReference section */

/* Begin PBXFrameworksBuildPhase section */
		278D7CD427043C9A00C120AA /* Frameworks */ = {
			isa = PBXFrameworksBuildPhase;
			buildActionMask = 2147483647;
			files = (
				A3877ED67C42505E9B8B0A30 /* Pods_LogViewDemo.framework in Frameworks */,
			);
			runOnlyForDeploymentPostprocessing = 0;
		};
/* End PBXFrameworksBuildPhase section */

/* Begin PBXGroup section */
		118F29865C753366DBE1707A /* Pods */ = {
			isa = PBXGroup;
			children = (
				E61B66469F2AF016AB96C3F0 /* Pods-LogViewDemo.debug.xcconfig */,
				C65E1D085FDB578F0E85A796 /* Pods-LogViewDemo.release.xcconfig */,
			);
			path = Pods;
			sourceTree = "<group>";
		};
		278D7CCE27043C9900C120AA = {
			isa = PBXGroup;
			children = (
				278D7CD927043C9A00C120AA /* LogViewDemo */,
				278D7CD827043C9A00C120AA /* Products */,
				118F29865C753366DBE1707A /* Pods */,
				C6F2B2D406AD169F982DC2E1 /* Frameworks */,
			);
			sourceTree = "<group>";
		};
		278D7CD827043C9A00C120AA /* Products */ = {
			isa = PBXGroup;
			children = (
				278D7CD727043C9A00C120AA /* LogViewDemo.app */,
			);
			name = Products;
			sourceTree = "<group>";
		};
		278D7CD927043C9A00C120AA /* LogViewDemo */ = {
			isa = PBXGroup;
			children = (
				278D7CDA27043C9A00C120AA /* AppDelegate.swift */,
				278D7CDC27043C9A00C120AA /* SceneDelegate.swift */,
				278D7CDE27043C9A00C120AA /* ViewController.swift */,
				278D7CE027043C9A00C120AA /* Main.storyboard */,
				278D7CE327043C9E00C120AA /* Assets.xcassets */,
				278D7CE527043C9E00C120AA /* LaunchScreen.storyboard */,
				278D7CE827043C9E00C120AA /* Info.plist */,
			);
			path = LogViewDemo;
			sourceTree = "<group>";
		};
		C6F2B2D406AD169F982DC2E1 /* Frameworks */ = {
			isa = PBXGroup;
			children = (
				6A5B72C4A195A5F07B2802D3 /* Pods_LogViewDemo.framework */,
			);
			name = Frameworks;
			sourceTree = "<group>";
		};
/* End PBXGroup section */

/* Begin PBXNativeTarget section */
		278D7CD627043C9A00C120AA /* LogViewDemo */ = {
			isa = PBXNativeTarget;
			buildConfigurationList = 278D7CEB27043C9E00C120AA /* Build configuration list for PBXNativeTarget "LogViewDemo" */;
			buildPhases = (
				8DC6B16BF38AE7F7061AB5FF /* [CP] Check Pods Manifest.lock */,
				278D7CD327043C9A00C120AA /* Sources */,
				278D7CD427043C9A00C120AA /* Frameworks */,
				278D7CD527043C9A00C120AA /* Resources */,
				1F38C57B63F42DE98060078F /* [CP] Embed Pods Frameworks */,
			);
			buildRules = (
			);
			dependencies = (
			);
			name = LogViewDemo;
			productName = LogViewDemo;
			productReference = 278D7CD727043C9A00C120AA /* LogViewDemo.app */;
			productType = "com.apple.product-type.application";
		};
/* End PBXNativeTarget section */

/* Begin PBXProject section */
		278D7CCF27043C9900C120AA /* Project object */ = {
			isa = PBXProject;
			attributes = {
				BuildIndependentTargetsInParallel = 1;
				LastSwiftUpdateCheck = 1300;
				LastUpgradeCheck = 1300;
				TargetAttributes = {
					278D7CD627043C9A00C120AA = {
						CreatedOnToolsVersion = 13.0;
					};
				};
			};
			buildConfigurationList = 278D7CD227043C9900C120AA /* Build configuration list for PBXProject "LogViewDemo" */;
			compatibilityVersion = "Xcode 13.0";
			developmentRegion = en;
			hasScannedForEncodings = 0;
			knownRegions = (
				en,
				Base,
			);
			mainGroup = 278D7CCE27043C9900C120AA;
			productRefGroup = 278D7CD827043C9A00C120AA /* Products */;
			projectDirPath = "";
			projectRoot = "";
			targets = (
				278D7CD627043C9A00C120AA /* LogViewDemo */,
			);
		};
/* End PBXProject section */

/* Begin PBXResourcesBuildPhase section */
		278D7CD527043C9A00C120AA /* Resources */ = {
			isa = PBXResourcesBuildPhase;
			buildActionMask = 2147483647;
			files = (
				278D7CE727043C9E00C120AA /* LaunchScreen.storyboard in Resources */,
				278D7CE427043C9E00C120AA /* Assets.xcassets in Resources */,
				278D7CE227043C9A00C120AA /* Main.storyboard in Resources */,
			);
			runOnlyForDeploymentPostprocessing = 0;
		};
/* End PBXResourcesBuildPhase section */

/* Begin PBXShellScriptBuildPhase section */
		1F38C57B63F42DE98060078F /* [CP] Embed Pods Frameworks */ = {
			isa = PBXShellScriptBuildPhase;
			buildActionMask = 2147483647;
			files = (
			);
			inputFileListPaths = (
				"${PODS_ROOT}/Target Support Files/Pods-LogViewDemo/Pods-LogViewDemo-frameworks-${CONFIGURATION}-input-files.xcfilelist",
			);
			name = "[CP] Embed Pods Frameworks";
			outputFileListPaths = (
				"${PODS_ROOT}/Target Support Files/Pods-LogViewDemo/Pods-LogViewDemo-frameworks-${CONFIGURATION}-output-files.xcfilelist",
			);
			runOnlyForDeploymentPostprocessing = 0;
			shellPath = /bin/sh;
			shellScript = "\"${PODS_ROOT}/Target Support Files/Pods-LogViewDemo/Pods-LogViewDemo-frameworks.sh\"\n";
			showEnvVarsInLog = 0;
		};
		8DC6B16BF38AE7F7061AB5FF /* [CP] Check Pods Manifest.lock */ = {
			isa = PBXShellScriptBuildPhase;
			buildActionMask = 2147483647;
			files = (
			);
			inputFileListPaths = (
			);
			inputPaths = (
				"${PODS_PODFILE_DIR_PATH}/Podfile.lock",
				"${PODS_ROOT}/Manifest.lock",
			);
			name = "[CP] Check Pods Manifest.lock";
			outputFileListPaths = (
			);
			outputPaths = (
				"$(DERIVED_FILE_DIR)/Pods-LogViewDemo-checkManifestLockResult.txt",
			);
			runOnlyForDeploymentPostprocessing = 0;
			shellPath = /bin/sh;
			shellScript = "diff \"${PODS_PODFILE_DIR_PATH}/Podfile.lock\" \"${PODS_ROOT}/Manifest.lock\" > /dev/null\nif [ $? != 0 ] ; then\n    # print error to STDERR\n    echo \"error: The sandbox is not in sync with the Podfile.lock. Run 'pod install' or update your CocoaPods installation.\" >&2\n    exit 1\nfi\n# This output is used by Xcode 'outputs' to avoid re-running this script phase.\necho \"SUCCESS\" > \"${SCRIPT_OUTPUT_FILE_0}\"\n";
			showEnvVarsInLog = 0;
		};
/* End PBXShellScriptBuildPhase section */

/* Begin PBXSourcesBuildPhase section */
		278D7CD327043C9A00C120AA /* Sources */ = {
			isa = PBXSourcesBuildPhase;
			buildActionMask = 2147483647;
			files = (
				278D7CDF27043C9A00C120AA /* ViewController.swift in Sources */,
				278D7CDB27043C9A00C120AA /* AppDelegate.swift in Sources */,
				278D7CDD27043C9A00C120AA /* SceneDelegate.swift in Sources */,
			);
			runOnlyForDeploymentPostprocessing = 0;
		};
/* End PBXSourcesBuildPhase section */

/* Begin PBXVariantGroup section */
		278D7CE027043C9A00C120AA /* Main.storyboard */ = {
			isa = PBXVariantGroup;
			children = (
				278D7CE127043C9A00C120AA /* Base */,
			);
			name = Main.storyboard;
			sourceTree = "<group>";
		};
		278D7CE527043C9E00C120AA /* LaunchScreen.storyboard */ = {
			isa = PBXVariantGroup;
			children = (
				278D7CE627043C9E00C120AA /* Base */,
			);
			name = LaunchScreen.storyboard;
			sourceTree = "<group>";
		};
/* End PBXVariantGroup section */

/* Begin XCBuildConfiguration section */
		278D7CE927043C9E00C120AA /* Debug */ = {
			isa = XCBuildConfiguration;
			buildSettings = {
				ALWAYS_SEARCH_USER_PATHS = NO;
				CLANG_ANALYZER_NONNULL = YES;
				CLANG_ANALYZER_NUMBER_OBJECT_CONVERSION = YES_AGGRESSIVE;
				CLANG_CXX_LANGUAGE_STANDARD = "gnu++17";
				CLANG_CXX_LIBRARY = "libc++";
				CLANG_ENABLE_MODULES = YES;
				CLANG_ENABLE_OBJC_ARC = YES;
				CLANG_ENABLE_OBJC_WEAK = YES;
				CLANG_WARN_BLOCK_CAPTURE_AUTORELEASING = YES;
				CLANG_WARN_BOOL_CONVERSION = YES;
				CLANG_WARN_COMMA = YES;
				CLANG_WARN_CONSTANT_CONVERSION = YES;
				CLANG_WARN_DEPRECATED_OBJC_IMPLEMENTATIONS = YES;
				CLANG_WARN_DIRECT_OBJC_ISA_USAGE = YES_ERROR;
				CLANG_WARN_DOCUMENTATION_COMMENTS = YES;
				CLANG_WARN_EMPTY_BODY = YES;
				CLANG_WARN_ENUM_CONVERSION = YES;
				CLANG_WARN_INFINITE_RECURSION = YES;
				CLANG_WARN_INT_CONVERSION = YES;
				CLANG_WARN_NON_LITERAL_NULL_CONVERSION = YES;
				CLANG_WARN_OBJC_IMPLICIT_RETAIN_SELF = YES;
				CLANG_WARN_OBJC_LITERAL_CONVERSION = YES;
				CLANG_WARN_OBJC_ROOT_CLASS = YES_ERROR;
				CLANG_WARN_QUOTED_INCLUDE_IN_FRAMEWORK_HEADER = YES;
				CLANG_WARN_RANGE_LOOP_ANALYSIS = YES;
				CLANG_WARN_STRICT_PROTOTYPES = YES;
				CLANG_WARN_SUSPICIOUS_MOVE = YES;
				CLANG_WARN_UNGUARDED_AVAILABILITY = YES_AGGRESSIVE;
				CLANG_WARN_UNREACHABLE_CODE = YES;
				CLANG_WARN__DUPLICATE_METHOD_MATCH = YES;
				COPY_PHASE_STRIP = NO;
				DEBUG_INFORMATION_FORMAT = dwarf;
				ENABLE_STRICT_OBJC_MSGSEND = YES;
				ENABLE_TESTABILITY = YES;
				GCC_C_LANGUAGE_STANDARD = gnu11;
				GCC_DYNAMIC_NO_PIC = NO;
				GCC_NO_COMMON_BLOCKS = YES;
				GCC_OPTIMIZATION_LEVEL = 0;
				GCC_PREPROCESSOR_DEFINITIONS = (
					"DEBUG=1",
					"$(inherited)",
				);
				GCC_WARN_64_TO_32_BIT_CONVERSION = YES;
				GCC_WARN_ABOUT_RETURN_TYPE = YES_ERROR;
				GCC_WARN_UNDECLARED_SELECTOR = YES;
				GCC_WARN_UNINITIALIZED_AUTOS = YES_AGGRESSIVE;
				GCC_WARN_UNUSED_FUNCTION = YES;
				GCC_WARN_UNUSED_VARIABLE = YES;
				IPHONEOS_DEPLOYMENT_TARGET = 13.0;
				MTL_ENABLE_DEBUG_INFO = INCLUDE_SOURCE;
				MTL_FAST_MATH = YES;
				ONLY_ACTIVE_ARCH = YES;
				SDKROOT = iphoneos;
				SWIFT_ACTIVE_COMPILATION_CONDITIONS = DEBUG;
				SWIFT_OPTIMIZATION_LEVEL = "-Onone";
			};
			name = Debug;
		};
		278D7CEA27043C9E00C120AA /* Release */ = {
			isa = XCBuildConfiguration;
			buildSettings = {
				ALWAYS_SEARCH_USER_PATHS = NO;
				CLANG_ANALYZER_NONNULL = YES;
				CLANG_ANALYZER_NUMBER_OBJECT_CONVERSION = YES_AGGRESSIVE;
				CLANG_CXX_LANGUAGE_STANDARD = "gnu++17";
				CLANG_CXX_LIBRARY = "libc++";
				CLANG_ENABLE_MODULES = YES;
				CLANG_ENABLE_OBJC_ARC = YES;
				CLANG_ENABLE_OBJC_WEAK = YES;
				CLANG_WARN_BLOCK_CAPTURE_AUTORELEASING = YES;
				CLANG_WARN_BOOL_CONVERSION = YES;
				CLANG_WARN_COMMA = YES;
				CLANG_WARN_CONSTANT_CONVERSION = YES;
				CLANG_WARN_DEPRECATED_OBJC_IMPLEMENTATIONS = YES;
				CLANG_WARN_DIRECT_OBJC_ISA_USAGE = YES_ERROR;
				CLANG_WARN_DOCUMENTATION_COMMENTS = YES;
				CLANG_WARN_EMPTY_BODY = YES;
				CLANG_WARN_ENUM_CONVERSION = YES;
				CLANG_WARN_INFINITE_RECURSION = YES;
				CLANG_WARN_INT_CONVERSION = YES;
				CLANG_WARN_NON_LITERAL_NULL_CONVERSION = YES;
				CLANG_WARN_OBJC_IMPLICIT_RETAIN_SELF = YES;
				CLANG_WARN_OBJC_LITERAL_CONVERSION = YES;
				CLANG_WARN_OBJC_ROOT_CLASS = YES_ERROR;
				CLANG_WARN_QUOTED_INCLUDE_IN_FRAMEWORK_HEADER = YES;
				CLANG_WARN_RANGE_LOOP_ANALYSIS = YES;
				CLANG_WARN_STRICT_PROTOTYPES = YES;
				CLANG_WARN_SUSPICIOUS_MOVE = YES;
				CLANG_WARN_UNGUARDED_AVAILABILITY = YES_AGGRESSIVE;
				CLANG_WARN_UNREACHABLE_CODE = YES;
				CLANG_WARN__DUPLICATE_METHOD_MATCH = YES;
				COPY_PHASE_STRIP = NO;
				DEBUG_INFORMATION_FORMAT = "dwarf-with-dsym";
				ENABLE_NS_ASSERTIONS = NO;
				ENABLE_STRICT_OBJC_MSGSEND = YES;
				GCC_C_LANGUAGE_STANDARD = gnu11;
				GCC_NO_COMMON_BLOCKS = YES;
				GCC_WARN_64_TO_32_BIT_CONVERSION = YES;
				GCC_WARN_ABOUT_RETURN_TYPE = YES_ERROR;
				GCC_WARN_UNDECLARED_SELECTOR = YES;
				GCC_WARN_UNINITIALIZED_AUTOS = YES_AGGRESSIVE;
				GCC_WARN_UNUSED_FUNCTION = YES;
				GCC_WARN_UNUSED_VARIABLE = YES;
				IPHONEOS_DEPLOYMENT_TARGET = 13.0;
				MTL_ENABLE_DEBUG_INFO = NO;
				MTL_FAST_MATH = YES;
				SDKROOT = iphoneos;
				SWIFT_COMPILATION_MODE = wholemodule;
				SWIFT_OPTIMIZATION_LEVEL = "-O";
				VALIDATE_PRODUCT = YES;
			};
			name = Release;
		};
		278D7CEC27043C9E00C120AA /* Debug */ = {
			isa = XCBuildConfiguration;
			baseConfigurationReference = E61B66469F2AF016AB96C3F0 /* Pods-LogViewDemo.debug.xcconfig */;
			buildSettings = {
				ASSETCATALOG_COMPILER_APPICON_NAME = AppIcon;
				ASSETCATALOG_COMPILER_GLOBAL_ACCENT_COLOR_NAME = AccentColor;
				CODE_SIGN_STYLE = Automatic;
				CURRENT_PROJECT_VERSION = 1;
				DEVELOPMENT_TEAM = "";
				GENERATE_INFOPLIST_FILE = YES;
				INFOPLIST_FILE = LogViewDemo/Info.plist;
				INFOPLIST_KEY_UIApplicationSupportsIndirectInputEvents = YES;
				INFOPLIST_KEY_UILaunchStoryboardName = LaunchScreen;
				INFOPLIST_KEY_UIMainStoryboardFile = Main;
				INFOPLIST_KEY_UISupportedInterfaceOrientations_iPad = "UIInterfaceOrientationPortrait UIInterfaceOrientationPortraitUpsideDown UIInterfaceOrientationLandscapeLeft UIInterfaceOrientationLandscapeRight";
				INFOPLIST_KEY_UISupportedInterfaceOrientations_iPhone = "UIInterfaceOrientationPortrait UIInterfaceOrientationLandscapeLeft UIInterfaceOrientationLandscapeRight";
				LD_RUNPATH_SEARCH_PATHS = (
					"$(inherited)",
					"@executable_path/Frameworks",
				);
				MARKETING_VERSION = 1.0;
				PRODUCT_BUNDLE_IDENTIFIER = com.janlionly.LogViewDemo;
				PRODUCT_NAME = "$(TARGET_NAME)";
				SWIFT_EMIT_LOC_STRINGS = YES;
				SWIFT_VERSION = 5.0;
				TARGETED_DEVICE_FAMILY = "1,2";
			};
			name = Debug;
		};
		278D7CED27043C9E00C120AA /* Release */ = {
			isa = XCBuildConfiguration;
			baseConfigurationReference = C65E1D085FDB578F0E85A796 /* Pods-LogViewDemo.release.xcconfig */;
			buildSettings = {
				ASSETCATALOG_COMPILER_APPICON_NAME = AppIcon;
				ASSETCATALOG_COMPILER_GLOBAL_ACCENT_COLOR_NAME = AccentColor;
				CODE_SIGN_STYLE = Automatic;
				CURRENT_PROJECT_VERSION = 1;
				DEVELOPMENT_TEAM = "";
				GENERATE_INFOPLIST_FILE = YES;
				INFOPLIST_FILE = LogViewDemo/Info.plist;
				INFOPLIST_KEY_UIApplicationSupportsIndirectInputEvents = YES;
				INFOPLIST_KEY_UILaunchStoryboardName = LaunchScreen;
				INFOPLIST_KEY_UIMainStoryboardFile = Main;
				INFOPLIST_KEY_UISupportedInterfaceOrientations_iPad = "UIInterfaceOrientationPortrait UIInterfaceOrientationPortraitUpsideDown UIInterfaceOrientationLandscapeLeft UIInterfaceOrientationLandscapeRight";
				INFOPLIST_KEY_UISupportedInterfaceOrientations_iPhone = "UIInterfaceOrientationPortrait UIInterfaceOrientationLandscapeLeft UIInterfaceOrientationLandscapeRight";
				LD_RUNPATH_SEARCH_PATHS = (
					"$(inherited)",
					"@executable_path/Frameworks",
				);
				MARKETING_VERSION = 1.0;
				PRODUCT_BUNDLE_IDENTIFIER = com.janlionly.LogViewDemo;
				PRODUCT_NAME = "$(TARGET_NAME)";
				SWIFT_EMIT_LOC_STRINGS = YES;
				SWIFT_VERSION = 5.0;
				TARGETED_DEVICE_FAMILY = "1,2";
			};
			name = Release;
		};
/* End XCBuildConfiguration section */

/* Begin XCConfigurationList section */
		278D7CD227043C9900C120AA /* Build configuration list for PBXProject "LogViewDemo" */ = {
			isa = XCConfigurationList;
			buildConfigurations = (
				278D7CE927043C9E00C120AA /* Debug */,
				278D7CEA27043C9E00C120AA /* Release */,
			);
			defaultConfigurationIsVisible = 0;
			defaultConfigurationName = Release;
		};
		278D7CEB27043C9E00C120AA /* Build configuration list for PBXNativeTarget "LogViewDemo" */ = {
			isa = XCConfigurationList;
			buildConfigurations = (
				278D7CEC27043C9E00C120AA /* Debug */,
				278D7CED27043C9E00C120AA /* Release */,
			);
			defaultConfigurationIsVisible = 0;
			defaultConfigurationName = Release;
		};
/* End XCConfigurationList section */
	};
	rootObject = 278D7CCF27043C9900C120AA /* Project object */;
}
